
Microsoft Visual Studio Solution File, Format Version 12.00
Project("{FAE04EC0-301F-11D3-BF4B-00C04F79EFBC}") = "HyzenAutoClicker.WFA", "HyzenAutoClicker.WFA\HyzenAutoClicker.WFA.csproj", "{246EA5CF-BC6A-45CA-AA2C-9CCB2A0498EB}"
EndProject
Project("{FAE04EC0-301F-11D3-BF4B-00C04F79EFBC}") = "HyzenAutoClicker.Core", "HyzenAutoClicker.Core\HyzenAutoClicker.Core.csproj", "{8F744E3C-DA09-4291-AD90-5300CD51D9C0}"
EndProject
Global
	GlobalSection(SolutionConfigurationPlatforms) = preSolution
		Debug|Any CPU = Debug|Any CPU
		Release|Any CPU = Release|Any CPU
	EndGlobalSection
	GlobalSection(ProjectConfigurationPlatforms) = postSolution
		{246EA5CF-BC6A-45CA-AA2C-9CCB2A0498EB}.Debug|Any CPU.ActiveCfg = Debug|Any CPU
		{246EA5CF-BC6A-45CA-AA2C-9CCB2A0498EB}.Debug|Any CPU.Build.0 = Debug|Any CPU
		{246EA5CF-BC6A-45CA-AA2C-9CCB2A0498EB}.Release|Any CPU.ActiveCfg = Release|Any CPU
		{246EA5CF-BC6A-45CA-AA2C-9CCB2A0498EB}.Release|Any CPU.Build.0 = Release|Any CPU
		{8F744E3C-DA09-4291-AD90-5300CD51D9C0}.Debug|Any CPU.ActiveCfg = Debug|Any CPU
		{8F744E3C-DA09-4291-AD90-5300CD51D9C0}.Debug|Any CPU.Build.0 = Debug|Any CPU
		{8F744E3C-DA09-4291-AD90-5300CD51D9C0}.Release|Any CPU.ActiveCfg = Release|Any CPU
		{8F744E3C-DA09-4291-AD90-5300CD51D9C0}.Release|Any CPU.Build.0 = Release|Any CPU
	EndGlobalSection
EndGlobal
